
Microsoft Visual Studio Solution File, Format Version 12.00
# Visual Studio Version 16
VisualStudioVersion = 16.0.31624.102
MinimumVisualStudioVersion = 10.0.40219.1
Project("{FAE04EC0-301F-11D3-BF4B-00C04F79EFBC}") = "go-blogs", "go-blogs.csproj", "{BE81D8FC-94FE-48A3-9FD4-25F83294B575}"
EndProject
Global
	GlobalSection(SolutionConfigurationPlatforms) = preSolution
		Debug|Any CPU = Debug|Any CPU
		Release|Any CPU = Release|Any CPU
	EndGlobalSection
	GlobalSection(ProjectConfigurationPlatforms) = postSolution
		{BE81D8FC-94FE-48A3-9FD4-25F83294B575}.Debug|Any CPU.ActiveCfg = Debug|Any CPU
		{BE81D8FC-94FE-48A3-9FD4-25F83294B575}.Debug|Any CPU.Build.0 = Debug|Any CPU
		{BE81D8FC-94FE-48A3-9FD4-25F83294B575}.Release|Any CPU.ActiveCfg = Release|Any CPU
		{BE81D8FC-94FE-48A3-9FD4-25F83294B575}.Release|Any CPU.Build.0 = Release|Any CPU
	EndGlobalSection
	GlobalSection(SolutionProperties) = preSolution
		HideSolutionNode = FALSE
	EndGlobalSection
	GlobalSection(ExtensibilityGlobals) = postSolution
		SolutionGuid = {ABDE7868-9473-4A3A-AC7D-96C259732434}
	EndGlobalSection
EndGlobal
